// !$*UTF8*$!
{
	archiveVersion = 1;
	classes = {
	};
	objectVersion = 56;
	objects = {

/* Begin PBXBuildFile section */
		CD6DEBBE2AD8F58C00F9BAF7 /* AppDelegate.swift in Sources */ = {isa = PBXBuildFile; fileRef = CD6DEBBD2AD8F58C00F9BAF7 /* AppDelegate.swift */; };
		CD6DEBC02AD8F58C00F9BAF7 /* SceneDelegate.swift in Sources */ = {isa = PBXBuildFile; fileRef = CD6DEBBF2AD8F58C00F9BAF7 /* SceneDelegate.swift */; };
		CD6DEBC52AD8F58C00F9BAF7 /* Main.storyboard in Resources */ = {isa = PBXBuildFile; fileRef = CD6DEBC32AD8F58C00F9BAF7 /* Main.storyboard */; };
		CD6DEBCA2AD8F58F00F9BAF7 /* Assets.xcassets in Resources */ = {isa = PBXBuildFile; fileRef = CD6DEBC92AD8F58F00F9BAF7 /* Assets.xcassets */; };
		CD6DEBCD2AD8F58F00F9BAF7 /* LaunchScreen.storyboard in Resources */ = {isa = PBXBuildFile; fileRef = CD6DEBCB2AD8F58F00F9BAF7 /* LaunchScreen.storyboard */; };
		CD6DEBD92ADA567000F9BAF7 /* CoreDataManager.swift in Sources */ = {isa = PBXBuildFile; fileRef = CD6DEBD82ADA567000F9BAF7 /* CoreDataManager.swift */; };
		CD6DEBDB2ADA568200F9BAF7 /* JSONManager.swift in Sources */ = {isa = PBXBuildFile; fileRef = CD6DEBDA2ADA568200F9BAF7 /* JSONManager.swift */; };
		CD6DEBDD2ADA56CC00F9BAF7 /* MeaningViewController.swift in Sources */ = {isa = PBXBuildFile; fileRef = CD6DEBDC2ADA56CC00F9BAF7 /* MeaningViewController.swift */; };
		CD6DEBDF2ADA56DB00F9BAF7 /* HomeViewController.swift in Sources */ = {isa = PBXBuildFile; fileRef = CD6DEBDE2ADA56DB00F9BAF7 /* HomeViewController.swift */; };
		CD6DEBE22ADA56F500F9BAF7 /* NameMeaning.xcdatamodeld in Sources */ = {isa = PBXBuildFile; fileRef = CD6DEBE02ADA56F500F9BAF7 /* NameMeaning.xcdatamodeld */; };
		CD6DEBE62ADA576B00F9BAF7 /* AutoCellSize.swift in Sources */ = {isa = PBXBuildFile; fileRef = CD6DEBE52ADA576B00F9BAF7 /* AutoCellSize.swift */; };
		CD6DEBE82ADA57A300F9BAF7 /* Constants.swift in Sources */ = {isa = PBXBuildFile; fileRef = CD6DEBE72ADA57A300F9BAF7 /* Constants.swift */; };
		CD6DEBEA2AE8C29800F9BAF7 /* final.json in Resources */ = {isa = PBXBuildFile; fileRef = CD6DEBE92AE8C29800F9BAF7 /* final.json */; };
/* End PBXBuildFile section */

/* Begin PBXFileReference section */
		CD6DEBBA2AD8F58C00F9BAF7 /* MyName.app */ = {isa = PBXFileReference; explicitFileType = wrapper.application; includeInIndex = 0; path = MyName.app; sourceTree = BUILT_PRODUCTS_DIR; };
		CD6DEBBD2AD8F58C00F9BAF7 /* AppDelegate.swift */ = {isa = PBXFileReference; lastKnownFileType = sourcecode.swift; path = AppDelegate.swift; sourceTree = "<group>"; };
		CD6DEBBF2AD8F58C00F9BAF7 /* SceneDelegate.swift */ = {isa = PBXFileReference; lastKnownFileType = sourcecode.swift; path = SceneDelegate.swift; sourceTree = "<group>"; };
		CD6DEBC42AD8F58C00F9BAF7 /* Base */ = {isa = PBXFileReference; lastKnownFileType = file.storyboard; name = Base; path = Base.lproj/Main.storyboard; sourceTree = "<group>"; };
		CD6DEBC92AD8F58F00F9BAF7 /* Assets.xcassets */ = {isa = PBXFileReference; lastKnownFileType = folder.assetcatalog; path = Assets.xcassets; sourceTree = "<group>"; };
		CD6DEBCC2AD8F58F00F9BAF7 /* Base */ = {isa = PBXFileReference; lastKnownFileType = file.storyboard; name = Base; path = Base.lproj/LaunchScreen.storyboard; sourceTree = "<group>"; };
		CD6DEBCE2AD8F58F00F9BAF7 /* Info.plist */ = {isa = PBXFileReference; lastKnownFileType = text.plist.xml; path = Info.plist; sourceTree = "<group>"; };
		CD6DEBD82ADA567000F9BAF7 /* CoreDataManager.swift */ = {isa = PBXFileReference; lastKnownFileType = sourcecode.swift; path = CoreDataManager.swift; sourceTree = "<group>"; };
		CD6DEBDA2ADA568200F9BAF7 /* JSONManager.swift */ = {isa = PBXFileReference; lastKnownFileType = sourcecode.swift; path = JSONManager.swift; sourceTree = "<group>"; };
		CD6DEBDC2ADA56CC00F9BAF7 /* MeaningViewController.swift */ = {isa = PBXFileReference; lastKnownFileType = sourcecode.swift; path = MeaningViewController.swift; sourceTree = "<group>"; };
		CD6DEBDE2ADA56DB00F9BAF7 /* HomeViewController.swift */ = {isa = PBXFileReference; lastKnownFileType = sourcecode.swift; path = HomeViewController.swift; sourceTree = "<group>"; };
		CD6DEBE12ADA56F500F9BAF7 /* NameMeaning.xcdatamodel */ = {isa = PBXFileReference; lastKnownFileType = wrapper.xcdatamodel; path = NameMeaning.xcdatamodel; sourceTree = "<group>"; };
		CD6DEBE52ADA576B00F9BAF7 /* AutoCellSize.swift */ = {isa = PBXFileReference; lastKnownFileType = sourcecode.swift; path = AutoCellSize.swift; sourceTree = "<group>"; };
		CD6DEBE72ADA57A300F9BAF7 /* Constants.swift */ = {isa = PBXFileReference; lastKnownFileType = sourcecode.swift; path = Constants.swift; sourceTree = "<group>"; };
		CD6DEBE92AE8C29800F9BAF7 /* final.json */ = {isa = PBXFileReference; fileEncoding = 4; lastKnownFileType = text.json; path = final.json; sourceTree = "<group>"; };
/* End PBXFileReference section */

/* Begin PBXFrameworksBuildPhase section */
		CD6DEBB72AD8F58C00F9BAF7 /* Frameworks */ = {
			isa = PBXFrameworksBuildPhase;
			buildActionMask = 2147483647;
			files = (
			);
			runOnlyForDeploymentPostprocessing = 0;
		};
/* End PBXFrameworksBuildPhase section */

/* Begin PBXGroup section */
		CD6DEBB12AD8F58C00F9BAF7 = {
			isa = PBXGroup;
			children = (
				CD6DEBBC2AD8F58C00F9BAF7 /* MyName */,
				CD6DEBBB2AD8F58C00F9BAF7 /* Products */,
			);
			sourceTree = "<group>";
		};
		CD6DEBBB2AD8F58C00F9BAF7 /* Products */ = {
			isa = PBXGroup;
			children = (
				CD6DEBBA2AD8F58C00F9BAF7 /* MyName.app */,
			);
			name = Products;
			sourceTree = "<group>";
		};
		CD6DEBBC2AD8F58C00F9BAF7 /* MyName */ = {
			isa = PBXGroup;
			children = (
				CD6DEBD42ADA55D500F9BAF7 /* Managers */,
				CD6DEBD52ADA55EC00F9BAF7 /* Screens */,
				CD6DEBD62ADA55F700F9BAF7 /* Model */,
				CD6DEBD72ADA55FD00F9BAF7 /* Support */,
				CD6DEBCE2AD8F58F00F9BAF7 /* Info.plist */,
			);
			path = MyName;
			sourceTree = "<group>";
		};
		CD6DEBD42ADA55D500F9BAF7 /* Managers */ = {
			isa = PBXGroup;
			children = (
				CD6DEBD82ADA567000F9BAF7 /* CoreDataManager.swift */,
				CD6DEBDA2ADA568200F9BAF7 /* JSONManager.swift */,
			);
			path = Managers;
			sourceTree = "<group>";
		};
		CD6DEBD52ADA55EC00F9BAF7 /* Screens */ = {
			isa = PBXGroup;
			children = (
				CD6DEBC32AD8F58C00F9BAF7 /* Main.storyboard */,
				CD6DEBDC2ADA56CC00F9BAF7 /* MeaningViewController.swift */,
				CD6DEBDE2ADA56DB00F9BAF7 /* HomeViewController.swift */,
			);
			path = Screens;
			sourceTree = "<group>";
		};
		CD6DEBD62ADA55F700F9BAF7 /* Model */ = {
			isa = PBXGroup;
			children = (
				CD6DEBE02ADA56F500F9BAF7 /* NameMeaning.xcdatamodeld */,
				CD6DEBE92AE8C29800F9BAF7 /* final.json */,
				CD6DEBE52ADA576B00F9BAF7 /* AutoCellSize.swift */,
			);
			path = Model;
			sourceTree = "<group>";
		};
		CD6DEBD72ADA55FD00F9BAF7 /* Support */ = {
			isa = PBXGroup;
			children = (
				CD6DEBBD2AD8F58C00F9BAF7 /* AppDelegate.swift */,
				CD6DEBBF2AD8F58C00F9BAF7 /* SceneDelegate.swift */,
				CD6DEBC92AD8F58F00F9BAF7 /* Assets.xcassets */,
				CD6DEBCB2AD8F58F00F9BAF7 /* LaunchScreen.storyboard */,
				CD6DEBE72ADA57A300F9BAF7 /* Constants.swift */,
			);
			path = Support;
			sourceTree = "<group>";
		};
/* End PBXGroup section */

/* Begin PBXNativeTarget section */
		CD6DEBB92AD8F58C00F9BAF7 /* MyName */ = {
			isa = PBXNativeTarget;
			buildConfigurationList = CD6DEBD12AD8F58F00F9BAF7 /* Build configuration list for PBXNativeTarget "MyName" */;
			buildPhases = (
				CD6DEBB62AD8F58C00F9BAF7 /* Sources */,
				CD6DEBB72AD8F58C00F9BAF7 /* Frameworks */,
				CD6DEBB82AD8F58C00F9BAF7 /* Resources */,
			);
			buildRules = (
			);
			dependencies = (
			);
			name = MyName;
			productName = MyName;
			productReference = CD6DEBBA2AD8F58C00F9BAF7 /* MyName.app */;
			productType = "com.apple.product-type.application";
		};
/* End PBXNativeTarget section */

/* Begin PBXProject section */
		CD6DEBB22AD8F58C00F9BAF7 /* Project object */ = {
			isa = PBXProject;
			attributes = {
				BuildIndependentTargetsInParallel = 1;
				LastSwiftUpdateCheck = 1420;
				LastUpgradeCheck = 1420;
				TargetAttributes = {
					CD6DEBB92AD8F58C00F9BAF7 = {
						CreatedOnToolsVersion = 14.2;
					};
				};
			};
			buildConfigurationList = CD6DEBB52AD8F58C00F9BAF7 /* Build configuration list for PBXProject "MyName" */;
			compatibilityVersion = "Xcode 14.0";
			developmentRegion = en;
			hasScannedForEncodings = 0;
			knownRegions = (
				en,
				Base,
			);
			mainGroup = CD6DEBB12AD8F58C00F9BAF7;
			productRefGroup = CD6DEBBB2AD8F58C00F9BAF7 /* Products */;
			projectDirPath = "";
			projectRoot = "";
			targets = (
				CD6DEBB92AD8F58C00F9BAF7 /* MyName */,
			);
		};
/* End PBXProject section */

/* Begin PBXResourcesBuildPhase section */
		CD6DEBB82AD8F58C00F9BAF7 /* Resources */ = {
			isa = PBXResourcesBuildPhase;
			buildActionMask = 2147483647;
			files = (
				CD6DEBEA2AE8C29800F9BAF7 /* final.json in Resources */,
				CD6DEBCD2AD8F58F00F9BAF7 /* LaunchScreen.storyboard in Resources */,
				CD6DEBCA2AD8F58F00F9BAF7 /* Assets.xcassets in Resources */,
				CD6DEBC52AD8F58C00F9BAF7 /* Main.storyboard in Resources */,
			);
			runOnlyForDeploymentPostprocessing = 0;
		};
/* End PBXResourcesBuildPhase section */

/* Begin PBXSourcesBuildPhase section */
		CD6DEBB62AD8F58C00F9BAF7 /* Sources */ = {
			isa = PBXSourcesBuildPhase;
			buildActionMask = 2147483647;
			files = (
				CD6DEBE82ADA57A300F9BAF7 /* Constants.swift in Sources */,
				CD6DEBDD2ADA56CC00F9BAF7 /* MeaningViewController.swift in Sources */,
				CD6DEBDB2ADA568200F9BAF7 /* JSONManager.swift in Sources */,
				CD6DEBDF2ADA56DB00F9BAF7 /* HomeViewController.swift in Sources */,
				CD6DEBE22ADA56F500F9BAF7 /* NameMeaning.xcdatamodeld in Sources */,
				CD6DEBE62ADA576B00F9BAF7 /* AutoCellSize.swift in Sources */,
				CD6DEBBE2AD8F58C00F9BAF7 /* AppDelegate.swift in Sources */,
				CD6DEBD92ADA567000F9BAF7 /* CoreDataManager.swift in Sources */,
				CD6DEBC02AD8F58C00F9BAF7 /* SceneDelegate.swift in Sources */,
			);
			runOnlyForDeploymentPostprocessing = 0;
		};
/* End PBXSourcesBuildPhase section */

/* Begin PBXVariantGroup section */
		CD6DEBC32AD8F58C00F9BAF7 /* Main.storyboard */ = {
			isa = PBXVariantGroup;
			children = (
				CD6DEBC42AD8F58C00F9BAF7 /* Base */,
			);
			name = Main.storyboard;
			sourceTree = "<group>";
		};
		CD6DEBCB2AD8F58F00F9BAF7 /* LaunchScreen.storyboard */ = {
			isa = PBXVariantGroup;
			children = (
				CD6DEBCC2AD8F58F00F9BAF7 /* Base */,
			);
			name = LaunchScreen.storyboard;
			sourceTree = "<group>";
		};
/* End PBXVariantGroup section */

/* Begin XCBuildConfiguration section */
		CD6DEBCF2AD8F58F00F9BAF7 /* Debug */ = {
			isa = XCBuildConfiguration;
			buildSettings = {
				ALWAYS_SEARCH_USER_PATHS = NO;
				CLANG_ANALYZER_NONNULL = YES;
				CLANG_ANALYZER_NUMBER_OBJECT_CONVERSION = YES_AGGRESSIVE;
				CLANG_CXX_LANGUAGE_STANDARD = "gnu++20";
				CLANG_ENABLE_MODULES = YES;
				CLANG_ENABLE_OBJC_ARC = YES;
				CLANG_ENABLE_OBJC_WEAK = YES;
				CLANG_WARN_BLOCK_CAPTURE_AUTORELEASING = YES;
				CLANG_WARN_BOOL_CONVERSION = YES;
				CLANG_WARN_COMMA = YES;
				CLANG_WARN_CONSTANT_CONVERSION = YES;
				CLANG_WARN_DEPRECATED_OBJC_IMPLEMENTATIONS = YES;
				CLANG_WARN_DIRECT_OBJC_ISA_USAGE = YES_ERROR;
				CLANG_WARN_DOCUMENTATION_COMMENTS = YES;
				CLANG_WARN_EMPTY_BODY = YES;
				CLANG_WARN_ENUM_CONVERSION = YES;
				CLANG_WARN_INFINITE_RECURSION = YES;
				CLANG_WARN_INT_CONVERSION = YES;
				CLANG_WARN_NON_LITERAL_NULL_CONVERSION = YES;
				CLANG_WARN_OBJC_IMPLICIT_RETAIN_SELF = YES;
				CLANG_WARN_OBJC_LITERAL_CONVERSION = YES;
				CLANG_WARN_OBJC_ROOT_CLASS = YES_ERROR;
				CLANG_WARN_QUOTED_INCLUDE_IN_FRAMEWORK_HEADER = YES;
				CLANG_WARN_RANGE_LOOP_ANALYSIS = YES;
				CLANG_WARN_STRICT_PROTOTYPES = YES;
				CLANG_WARN_SUSPICIOUS_MOVE = YES;
				CLANG_WARN_UNGUARDED_AVAILABILITY = YES_AGGRESSIVE;
				CLANG_WARN_UNREACHABLE_CODE = YES;
				CLANG_WARN__DUPLICATE_METHOD_MATCH = YES;
				COPY_PHASE_STRIP = NO;
				DEBUG_INFORMATION_FORMAT = dwarf;
				ENABLE_STRICT_OBJC_MSGSEND = YES;
				ENABLE_TESTABILITY = YES;
				GCC_C_LANGUAGE_STANDARD = gnu11;
				GCC_DYNAMIC_NO_PIC = NO;
				GCC_NO_COMMON_BLOCKS = YES;
				GCC_OPTIMIZATION_LEVEL = 0;
				GCC_PREPROCESSOR_DEFINITIONS = (
					"DEBUG=1",
					"$(inherited)",
				);
				GCC_WARN_64_TO_32_BIT_CONVERSION = YES;
				GCC_WARN_ABOUT_RETURN_TYPE = YES_ERROR;
				GCC_WARN_UNDECLARED_SELECTOR = YES;
				GCC_WARN_UNINITIALIZED_AUTOS = YES_AGGRESSIVE;
				GCC_WARN_UNUSED_FUNCTION = YES;
				GCC_WARN_UNUSED_VARIABLE = YES;
				IPHONEOS_DEPLOYMENT_TARGET = 16.2;
				MTL_ENABLE_DEBUG_INFO = INCLUDE_SOURCE;
				MTL_FAST_MATH = YES;
				ONLY_ACTIVE_ARCH = YES;
				SDKROOT = iphoneos;
				SWIFT_ACTIVE_COMPILATION_CONDITIONS = DEBUG;
				SWIFT_OPTIMIZATION_LEVEL = "-Onone";
			};
			name = Debug;
		};
		CD6DEBD02AD8F58F00F9BAF7 /* Release */ = {
			isa = XCBuildConfiguration;
			buildSettings = {
				ALWAYS_SEARCH_USER_PATHS = NO;
				CLANG_ANALYZER_NONNULL = YES;
				CLANG_ANALYZER_NUMBER_OBJECT_CONVERSION = YES_AGGRESSIVE;
				CLANG_CXX_LANGUAGE_STANDARD = "gnu++20";
				CLANG_ENABLE_MODULES = YES;
				CLANG_ENABLE_OBJC_ARC = YES;
				CLANG_ENABLE_OBJC_WEAK = YES;
				CLANG_WARN_BLOCK_CAPTURE_AUTORELEASING = YES;
				CLANG_WARN_BOOL_CONVERSION = YES;
				CLANG_WARN_COMMA = YES;
				CLANG_WARN_CONSTANT_CONVERSION = YES;
				CLANG_WARN_DEPRECATED_OBJC_IMPLEMENTATIONS = YES;
				CLANG_WARN_DIRECT_OBJC_ISA_USAGE = YES_ERROR;
				CLANG_WARN_DOCUMENTATION_COMMENTS = YES;
				CLANG_WARN_EMPTY_BODY = YES;
				CLANG_WARN_ENUM_CONVERSION = YES;
				CLANG_WARN_INFINITE_RECURSION = YES;
				CLANG_WARN_INT_CONVERSION = YES;
				CLANG_WARN_NON_LITERAL_NULL_CONVERSION = YES;
				CLANG_WARN_OBJC_IMPLICIT_RETAIN_SELF = YES;
				CLANG_WARN_OBJC_LITERAL_CONVERSION = YES;
				CLANG_WARN_OBJC_ROOT_CLASS = YES_ERROR;
				CLANG_WARN_QUOTED_INCLUDE_IN_FRAMEWORK_HEADER = YES;
				CLANG_WARN_RANGE_LOOP_ANALYSIS = YES;
				CLANG_WARN_STRICT_PROTOTYPES = YES;
				CLANG_WARN_SUSPICIOUS_MOVE = YES;
				CLANG_WARN_UNGUARDED_AVAILABILITY = YES_AGGRESSIVE;
				CLANG_WARN_UNREACHABLE_CODE = YES;
				CLANG_WARN__DUPLICATE_METHOD_MATCH = YES;
				COPY_PHASE_STRIP = NO;
				DEBUG_INFORMATION_FORMAT = "dwarf-with-dsym";
				ENABLE_NS_ASSERTIONS = NO;
				ENABLE_STRICT_OBJC_MSGSEND = YES;
				GCC_C_LANGUAGE_STANDARD = gnu11;
				GCC_NO_COMMON_BLOCKS = YES;
				GCC_WARN_64_TO_32_BIT_CONVERSION = YES;
				GCC_WARN_ABOUT_RETURN_TYPE = YES_ERROR;
				GCC_WARN_UNDECLARED_SELECTOR = YES;
				GCC_WARN_UNINITIALIZED_AUTOS = YES_AGGRESSIVE;
				GCC_WARN_UNUSED_FUNCTION = YES;
				GCC_WARN_UNUSED_VARIABLE = YES;
				IPHONEOS_DEPLOYMENT_TARGET = 16.2;
				MTL_ENABLE_DEBUG_INFO = NO;
				MTL_FAST_MATH = YES;
				SDKROOT = iphoneos;
				SWIFT_COMPILATION_MODE = wholemodule;
				SWIFT_OPTIMIZATION_LEVEL = "-O";
				VALIDATE_PRODUCT = YES;
			};
			name = Release;
		};
		CD6DEBD22AD8F58F00F9BAF7 /* Debug */ = {
			isa = XCBuildConfiguration;
			buildSettings = {
				ASSETCATALOG_COMPILER_APPICON_NAME = AppIcon;
				ASSETCATALOG_COMPILER_GLOBAL_ACCENT_COLOR_NAME = AccentColor;
				CODE_SIGN_STYLE = Automatic;
				CURRENT_PROJECT_VERSION = 1;
				DEVELOPMENT_TEAM = 75ZX4UF866;
				GENERATE_INFOPLIST_FILE = YES;
				INFOPLIST_FILE = MyName/Info.plist;
				INFOPLIST_KEY_UIApplicationSupportsIndirectInputEvents = YES;
				INFOPLIST_KEY_UILaunchStoryboardName = LaunchScreen;
				INFOPLIST_KEY_UIMainStoryboardFile = Main;
				INFOPLIST_KEY_UISupportedInterfaceOrientations_iPad = "UIInterfaceOrientationPortrait UIInterfaceOrientationPortraitUpsideDown UIInterfaceOrientationLandscapeLeft UIInterfaceOrientationLandscapeRight";
				INFOPLIST_KEY_UISupportedInterfaceOrientations_iPhone = "UIInterfaceOrientationPortrait UIInterfaceOrientationLandscapeLeft UIInterfaceOrientationLandscapeRight";
				LD_RUNPATH_SEARCH_PATHS = (
					"$(inherited)",
					"@executable_path/Frameworks",
				);
				MARKETING_VERSION = 1.0;
				PRODUCT_BUNDLE_IDENTIFIER = com.daniellesmith.MyName;
				PRODUCT_NAME = "$(TARGET_NAME)";
				SWIFT_EMIT_LOC_STRINGS = YES;
				SWIFT_VERSION = 5.0;
				TARGETED_DEVICE_FAMILY = "1,2";
			};
			name = Debug;
		};
		CD6DEBD32AD8F58F00F9BAF7 /* Release */ = {
			isa = XCBuildConfiguration;
			buildSettings = {
				ASSETCATALOG_COMPILER_APPICON_NAME = AppIcon;
				ASSETCATALOG_COMPILER_GLOBAL_ACCENT_COLOR_NAME = AccentColor;
				CODE_SIGN_STYLE = Automatic;
				CURRENT_PROJECT_VERSION = 1;
				DEVELOPMENT_TEAM = 75ZX4UF866;
				GENERATE_INFOPLIST_FILE = YES;
				INFOPLIST_FILE = MyName/Info.plist;
				INFOPLIST_KEY_UIApplicationSupportsIndirectInputEvents = YES;
				INFOPLIST_KEY_UILaunchStoryboardName = LaunchScreen;
				INFOPLIST_KEY_UIMainStoryboardFile = Main;
				INFOPLIST_KEY_UISupportedInterfaceOrientations_iPad = "UIInterfaceOrientationPortrait UIInterfaceOrientationPortraitUpsideDown UIInterfaceOrientationLandscapeLeft UIInterfaceOrientationLandscapeRight";
				INFOPLIST_KEY_UISupportedInterfaceOrientations_iPhone = "UIInterfaceOrientationPortrait UIInterfaceOrientationLandscapeLeft UIInterfaceOrientationLandscapeRight";
				LD_RUNPATH_SEARCH_PATHS = (
					"$(inherited)",
					"@executable_path/Frameworks",
				);
				MARKETING_VERSION = 1.0;
				PRODUCT_BUNDLE_IDENTIFIER = com.daniellesmith.MyName;
				PRODUCT_NAME = "$(TARGET_NAME)";
				SWIFT_EMIT_LOC_STRINGS = YES;
				SWIFT_VERSION = 5.0;
				TARGETED_DEVICE_FAMILY = "1,2";
			};
			name = Release;
		};
/* End XCBuildConfiguration section */

/* Begin XCConfigurationList section */
		CD6DEBB52AD8F58C00F9BAF7 /* Build configuration list for PBXProject "MyName" */ = {
			isa = XCConfigurationList;
			buildConfigurations = (
				CD6DEBCF2AD8F58F00F9BAF7 /* Debug */,
				CD6DEBD02AD8F58F00F9BAF7 /* Release */,
			);
			defaultConfigurationIsVisible = 0;
			defaultConfigurationName = Release;
		};
		CD6DEBD12AD8F58F00F9BAF7 /* Build configuration list for PBXNativeTarget "MyName" */ = {
			isa = XCConfigurationList;
			buildConfigurations = (
				CD6DEBD22AD8F58F00F9BAF7 /* Debug */,
				CD6DEBD32AD8F58F00F9BAF7 /* Release */,
			);
			defaultConfigurationIsVisible = 0;
			defaultConfigurationName = Release;
		};
/* End XCConfigurationList section */

/* Begin XCVersionGroup section */
		CD6DEBE02ADA56F500F9BAF7 /* NameMeaning.xcdatamodeld */ = {
			isa = XCVersionGroup;
			children = (
				CD6DEBE12ADA56F500F9BAF7 /* NameMeaning.xcdatamodel */,
			);
			currentVersion = CD6DEBE12ADA56F500F9BAF7 /* NameMeaning.xcdatamodel */;
			path = NameMeaning.xcdatamodeld;
			sourceTree = "<group>";
			versionGroupType = wrapper.xcdatamodel;
		};
/* End XCVersionGroup section */
	};
	rootObject = CD6DEBB22AD8F58C00F9BAF7 /* Project object */;
}
